
Microsoft Visual Studio Solution File, Format Version 12.00
# Visual Studio Version 17
VisualStudioVersion = 17.12.35527.113 d17.12
MinimumVisualStudioVersion = 10.0.40219.1
Project("{2150E333-8FDC-42A3-9474-1A3956D46DE8}") = "src", "src", "{4DA51611-7D24-47B2-BC46-51FA09AD222F}"
EndProject
Project("{2150E333-8FDC-42A3-9474-1A3956D46DE8}") = "Core", "Core", "{2DACD1CE-0710-49CC-A057-3EF6FD0BCC6A}"
EndProject
Project("{FAE04EC0-301F-11D3-BF4B-00C04F79EFBC}") = "JustDoIt.Domain", "JustDoIt.Domain\JustDoIt.Domain.csproj", "{F16F857E-2B10-4E48-98A5-A4EB888C1E21}"
EndProject
Project("{FAE04EC0-301F-11D3-BF4B-00C04F79EFBC}") = "JustDoIt.Application", "JustDoIt.Application\JustDoIt.Application.csproj", "{E177123D-A2E0-42A6-AF23-B5D27760E53A}"
EndProject
Project("{2150E333-8FDC-42A3-9474-1A3956D46DE8}") = "Infrastructure", "Infrastructure", "{DCC2FC39-5838-4022-A7C0-A6C189473B6E}"
EndProject
Project("{FAE04EC0-301F-11D3-BF4B-00C04F79EFBC}") = "JustDoIt.Infrastructure", "JustDoIt.Infrastructure\JustDoIt.Infrastructure.csproj", "{71F85B8E-7546-4EF4-AF12-E57251FCE541}"
EndProject
Project("{FAE04EC0-301F-11D3-BF4B-00C04F79EFBC}") = "JustDoIt.Infrastructure.Persistence", "JustDoIt.Infrastructure.Persistence\JustDoIt.Infrastructure.Persistence.csproj", "{14E7F995-203E-4E72-8DDD-EC5E5600841D}"
EndProject
Project("{2150E333-8FDC-42A3-9474-1A3956D46DE8}") = "Presentation", "Presentation", "{5025159B-3BF7-42ED-87E8-246EEF05F82A}"
EndProject
Project("{FAE04EC0-301F-11D3-BF4B-00C04F79EFBC}") = "JustDoIt.Presentation", "JustDoIt.Presentation\JustDoIt.Presentation.csproj", "{DAB1C1CC-3677-4C76-94EA-E52EE8558C0C}"
EndProject
Project("{2150E333-8FDC-42A3-9474-1A3956D46DE8}") = "tests", "tests", "{1842332B-EC08-42F7-B32B-5922E67808A7}"
EndProject
Global
	GlobalSection(SolutionConfigurationPlatforms) = preSolution
		Debug|Any CPU = Debug|Any CPU
		Release|Any CPU = Release|Any CPU
	EndGlobalSection
	GlobalSection(ProjectConfigurationPlatforms) = postSolution
		{F16F857E-2B10-4E48-98A5-A4EB888C1E21}.Debug|Any CPU.ActiveCfg = Debug|Any CPU
		{F16F857E-2B10-4E48-98A5-A4EB888C1E21}.Debug|Any CPU.Build.0 = Debug|Any CPU
		{F16F857E-2B10-4E48-98A5-A4EB888C1E21}.Release|Any CPU.ActiveCfg = Release|Any CPU
		{F16F857E-2B10-4E48-98A5-A4EB888C1E21}.Release|Any CPU.Build.0 = Release|Any CPU
		{E177123D-A2E0-42A6-AF23-B5D27760E53A}.Debug|Any CPU.ActiveCfg = Debug|Any CPU
		{E177123D-A2E0-42A6-AF23-B5D27760E53A}.Debug|Any CPU.Build.0 = Debug|Any CPU
		{E177123D-A2E0-42A6-AF23-B5D27760E53A}.Release|Any CPU.ActiveCfg = Release|Any CPU
		{E177123D-A2E0-42A6-AF23-B5D27760E53A}.Release|Any CPU.Build.0 = Release|Any CPU
		{71F85B8E-7546-4EF4-AF12-E57251FCE541}.Debug|Any CPU.ActiveCfg = Debug|Any CPU
		{71F85B8E-7546-4EF4-AF12-E57251FCE541}.Debug|Any CPU.Build.0 = Debug|Any CPU
		{71F85B8E-7546-4EF4-AF12-E57251FCE541}.Release|Any CPU.ActiveCfg = Release|Any CPU
		{71F85B8E-7546-4EF4-AF12-E57251FCE541}.Release|Any CPU.Build.0 = Release|Any CPU
		{14E7F995-203E-4E72-8DDD-EC5E5600841D}.Debug|Any CPU.ActiveCfg = Debug|Any CPU
		{14E7F995-203E-4E72-8DDD-EC5E5600841D}.Debug|Any CPU.Build.0 = Debug|Any CPU
		{14E7F995-203E-4E72-8DDD-EC5E5600841D}.Release|Any CPU.ActiveCfg = Release|Any CPU
		{14E7F995-203E-4E72-8DDD-EC5E5600841D}.Release|Any CPU.Build.0 = Release|Any CPU
		{DAB1C1CC-3677-4C76-94EA-E52EE8558C0C}.Debug|Any CPU.ActiveCfg = Debug|Any CPU
		{DAB1C1CC-3677-4C76-94EA-E52EE8558C0C}.Debug|Any CPU.Build.0 = Debug|Any CPU
		{DAB1C1CC-3677-4C76-94EA-E52EE8558C0C}.Debug|Any CPU.Deploy.0 = Debug|Any CPU
		{DAB1C1CC-3677-4C76-94EA-E52EE8558C0C}.Release|Any CPU.ActiveCfg = Release|Any CPU
		{DAB1C1CC-3677-4C76-94EA-E52EE8558C0C}.Release|Any CPU.Build.0 = Release|Any CPU
		{DAB1C1CC-3677-4C76-94EA-E52EE8558C0C}.Release|Any CPU.Deploy.0 = Release|Any CPU
	EndGlobalSection
	GlobalSection(SolutionProperties) = preSolution
		HideSolutionNode = FALSE
	EndGlobalSection
	GlobalSection(NestedProjects) = preSolution
		{2DACD1CE-0710-49CC-A057-3EF6FD0BCC6A} = {4DA51611-7D24-47B2-BC46-51FA09AD222F}
		{F16F857E-2B10-4E48-98A5-A4EB888C1E21} = {2DACD1CE-0710-49CC-A057-3EF6FD0BCC6A}
		{E177123D-A2E0-42A6-AF23-B5D27760E53A} = {2DACD1CE-0710-49CC-A057-3EF6FD0BCC6A}
		{DCC2FC39-5838-4022-A7C0-A6C189473B6E} = {4DA51611-7D24-47B2-BC46-51FA09AD222F}
		{71F85B8E-7546-4EF4-AF12-E57251FCE541} = {DCC2FC39-5838-4022-A7C0-A6C189473B6E}
		{14E7F995-203E-4E72-8DDD-EC5E5600841D} = {DCC2FC39-5838-4022-A7C0-A6C189473B6E}
		{5025159B-3BF7-42ED-87E8-246EEF05F82A} = {4DA51611-7D24-47B2-BC46-51FA09AD222F}
		{DAB1C1CC-3677-4C76-94EA-E52EE8558C0C} = {5025159B-3BF7-42ED-87E8-246EEF05F82A}
		{1842332B-EC08-42F7-B32B-5922E67808A7} = {4DA51611-7D24-47B2-BC46-51FA09AD222F}
	EndGlobalSection
EndGlobal
